
Microsoft Visual Studio Solution File, Format Version 12.00
# Visual Studio Version 17
VisualStudioVersion = 17.5.33627.172
MinimumVisualStudioVersion = 10.0.40219.1
Project("{FAE04EC0-301F-11D3-BF4B-00C04F79EFBC}") = "Assignment.07.30.2023", "Assignment.07.30.2023\Assignment.07.30.2023.csproj", "{3486D739-90BD-475D-84B1-0784BE2B2E76}"
EndProject
Project("{FAE04EC0-301F-11D3-BF4B-00C04F79EFBC}") = "Question2", "Question2\Question2.csproj", "{9B21C7C1-E266-4CD4-ADA1-E64AAE7ED026}"
EndProject
Global
	GlobalSection(SolutionConfigurationPlatforms) = preSolution
		Debug|Any CPU = Debug|Any CPU
		Release|Any CPU = Release|Any CPU
	EndGlobalSection
	GlobalSection(ProjectConfigurationPlatforms) = postSolution
		{3486D739-90BD-475D-84B1-0784BE2B2E76}.Debug|Any CPU.ActiveCfg = Debug|Any CPU
		{3486D739-90BD-475D-84B1-0784BE2B2E76}.Debug|Any CPU.Build.0 = Debug|Any CPU
		{3486D739-90BD-475D-84B1-0784BE2B2E76}.Release|Any CPU.ActiveCfg = Release|Any CPU
		{3486D739-90BD-475D-84B1-0784BE2B2E76}.Release|Any CPU.Build.0 = Release|Any CPU
		{9B21C7C1-E266-4CD4-ADA1-E64AAE7ED026}.Debug|Any CPU.ActiveCfg = Debug|Any CPU
		{9B21C7C1-E266-4CD4-ADA1-E64AAE7ED026}.Debug|Any CPU.Build.0 = Debug|Any CPU
		{9B21C7C1-E266-4CD4-ADA1-E64AAE7ED026}.Release|Any CPU.ActiveCfg = Release|Any CPU
		{9B21C7C1-E266-4CD4-ADA1-E64AAE7ED026}.Release|Any CPU.Build.0 = Release|Any CPU
	EndGlobalSection
	GlobalSection(SolutionProperties) = preSolution
		HideSolutionNode = FALSE
	EndGlobalSection
	GlobalSection(ExtensibilityGlobals) = postSolution
		SolutionGuid = {7A79DA99-3518-409D-AA26-1699D8484F46}
	EndGlobalSection
EndGlobal
